langcode: ca
status: true
dependencies:
  module:
    - ctools
    - node
    - system
    - transferhub_vote
  theme:
    - bartik
id: transferhubvotingblock
theme: bartik
region: sidebar_first
weight: -15
provider: null
plugin: transferhub_vote_block
settings:
  id: transferhub_vote_block
  label: Vote
  provider: transferhub_vote
  label_display: visible
  transferhub_vote_block_settings: null
visibility:
  node_type:
    id: node_type
    bundles:
      project: project
    negate: false
    context_mapping:
      node: '@node.node_route_context:node'
  request_path:
    id: request_path
    pages: "/node/add/*\r\n/node/*/edit\r\n/node/*/delete\r\n/node/*/workflow"
    negate: true
    context_mapping: {  }
  'entity_bundle:node':
    id: 'entity_bundle:node'
    bundles:
      project: project
    negate: false
    context_mapping:
      node: '@node.node_route_context:node'
